<?xml version="1.0" encoding="UTF-8" standalone="yes" ?>
<CodeBlocks_project_file>
	<FileVersion major="1" minor="6" />
	<Project>
		<Option title="libDistillate" />
		<Option pch_mode="2" />
		<Option compiler="gcc" />
		<Build>
			<Target title="Debug">
				<Option output="bin/Debug/libDistillate" prefix_auto="1" extension_auto="1" />
				<Option working_dir="" />
				<Option object_output="obj/Debug/" />
				<Option type="2" />
				<Option compiler="gcc" />
				<Compiler>
					<Add option="-g" />
				</Compiler>
			</Target>
			<Target title="Release">
				<Option output="bin/Release/libDistillate" prefix_auto="1" extension_auto="1" />
				<Option working_dir="" />
				<Option object_output="obj/Release/" />
				<Option type="2" />
				<Option compiler="gcc" />
				<Compiler>
					<Add option="-O2" />
				</Compiler>
				<Linker>
					<Add option="-s" />
				</Linker>
			</Target>
		</Build>
		<Compiler>
			<Add option="-Wall" />
			<Add option="-DGL_RENDER" />
			<Add option="-DDEBUG" />
			<Add directory="src/include" />
		</Compiler>
		<Linker>
			<Add library="SDL" />
			<Add library="SDL_mixer" />
			<Add library="SDL_image" />
			<Add library="SDL_ttf" />
			<Add library="GL" />
			<Add directory="../SDL/lib" />
		</Linker>
		<Unit filename="src/DEmitter.cpp" />
		<Unit filename="src/DGame.cpp" />
		<Unit filename="src/DGlobals.cpp" />
		<Unit filename="src/DGroup.cpp" />
		<Unit filename="src/DKeyboard.cpp" />
		<Unit filename="src/DMouse.cpp" />
		<Unit filename="src/DObject.cpp" />
		<Unit filename="src/DQuadTree.cpp" />
		<Unit filename="src/DSprite.cpp" />
		<Unit filename="src/DState.cpp" />
		<Unit filename="src/DText.cpp" />
		<Unit filename="src/DUtils.cpp" />
		<Unit filename="src/include/DAnim.hpp" />
		<Unit filename="src/include/DEmitter.hpp" />
		<Unit filename="src/include/DGame.hpp" />
		<Unit filename="src/include/DGlobals.hpp" />
		<Unit filename="src/include/DGroup.hpp" />
		<Unit filename="src/include/DKeyboard.hpp" />
		<Unit filename="src/include/DList.hpp" />
		<Unit filename="src/include/DMouse.hpp" />
		<Unit filename="src/include/DObject.hpp" />
		<Unit filename="src/include/DParticle.hpp" />
		<Unit filename="src/include/DPoint.hpp" />
		<Unit filename="src/include/DQuadTree.hpp" />
		<Unit filename="src/include/DRect.hpp" />
		<Unit filename="src/include/DSprite.hpp" />
		<Unit filename="src/include/DState.hpp" />
		<Unit filename="src/include/DText.hpp" />
		<Unit filename="src/include/DUtils.hpp" />
		<Unit filename="src/include/Distillate.hpp" />
		<Extensions>
			<code_completion />
			<debugger />
		</Extensions>
	</Project>
</CodeBlocks_project_file>
